
Microsoft Visual Studio Solution File, Format Version 12.00
# Visual Studio Version 16
VisualStudioVersion = 16.0.30225.117
MinimumVisualStudioVersion = 10.0.40219.1
Project("{FAE04EC0-301F-11D3-BF4B-00C04F79EFBC}") = "EffectsApp.Android", "EffectsApp\EffectsApp.Android\EffectsApp.Android.csproj", "{C09DDBEB-E6C5-45CC-BBF1-CF95CD3A89FF}"
EndProject
Project("{FAE04EC0-301F-11D3-BF4B-00C04F79EFBC}") = "EffectsApp.iOS", "EffectsApp\EffectsApp.iOS\EffectsApp.iOS.csproj", "{A2EDCE05-E3E9-41DB-970C-410B08BCB384}"
EndProject
Project("{FAE04EC0-301F-11D3-BF4B-00C04F79EFBC}") = "EffectsApp", "EffectsApp\EffectsApp\EffectsApp.csproj", "{1F9B6244-F4FB-41CB-8782-1DE2C7E8B127}"
EndProject
Global
	GlobalSection(SolutionConfigurationPlatforms) = preSolution
		Debug|Any CPU = Debug|Any CPU
		Debug|iPhone = Debug|iPhone
		Debug|iPhoneSimulator = Debug|iPhoneSimulator
		Release|Any CPU = Release|Any CPU
		Release|iPhone = Release|iPhone
		Release|iPhoneSimulator = Release|iPhoneSimulator
	EndGlobalSection
	GlobalSection(ProjectConfigurationPlatforms) = postSolution
		{C09DDBEB-E6C5-45CC-BBF1-CF95CD3A89FF}.Debug|Any CPU.ActiveCfg = Debug|Any CPU
		{C09DDBEB-E6C5-45CC-BBF1-CF95CD3A89FF}.Debug|Any CPU.Build.0 = Debug|Any CPU
		{C09DDBEB-E6C5-45CC-BBF1-CF95CD3A89FF}.Debug|Any CPU.Deploy.0 = Debug|Any CPU
		{C09DDBEB-E6C5-45CC-BBF1-CF95CD3A89FF}.Debug|iPhone.ActiveCfg = Debug|Any CPU
		{C09DDBEB-E6C5-45CC-BBF1-CF95CD3A89FF}.Debug|iPhone.Build.0 = Debug|Any CPU
		{C09DDBEB-E6C5-45CC-BBF1-CF95CD3A89FF}.Debug|iPhone.Deploy.0 = Debug|Any CPU
		{C09DDBEB-E6C5-45CC-BBF1-CF95CD3A89FF}.Debug|iPhoneSimulator.ActiveCfg = Debug|Any CPU
		{C09DDBEB-E6C5-45CC-BBF1-CF95CD3A89FF}.Debug|iPhoneSimulator.Build.0 = Debug|Any CPU
		{C09DDBEB-E6C5-45CC-BBF1-CF95CD3A89FF}.Debug|iPhoneSimulator.Deploy.0 = Debug|Any CPU
		{C09DDBEB-E6C5-45CC-BBF1-CF95CD3A89FF}.Release|Any CPU.ActiveCfg = Release|Any CPU
		{C09DDBEB-E6C5-45CC-BBF1-CF95CD3A89FF}.Release|Any CPU.Build.0 = Release|Any CPU
		{C09DDBEB-E6C5-45CC-BBF1-CF95CD3A89FF}.Release|Any CPU.Deploy.0 = Release|Any CPU
		{C09DDBEB-E6C5-45CC-BBF1-CF95CD3A89FF}.Release|iPhone.ActiveCfg = Release|Any CPU
		{C09DDBEB-E6C5-45CC-BBF1-CF95CD3A89FF}.Release|iPhone.Build.0 = Release|Any CPU
		{C09DDBEB-E6C5-45CC-BBF1-CF95CD3A89FF}.Release|iPhone.Deploy.0 = Release|Any CPU
		{C09DDBEB-E6C5-45CC-BBF1-CF95CD3A89FF}.Release|iPhoneSimulator.ActiveCfg = Release|Any CPU
		{C09DDBEB-E6C5-45CC-BBF1-CF95CD3A89FF}.Release|iPhoneSimulator.Build.0 = Release|Any CPU
		{C09DDBEB-E6C5-45CC-BBF1-CF95CD3A89FF}.Release|iPhoneSimulator.Deploy.0 = Release|Any CPU
		{A2EDCE05-E3E9-41DB-970C-410B08BCB384}.Debug|Any CPU.ActiveCfg = Debug|iPhone
		{A2EDCE05-E3E9-41DB-970C-410B08BCB384}.Debug|Any CPU.Build.0 = Debug|iPhone
		{A2EDCE05-E3E9-41DB-970C-410B08BCB384}.Debug|Any CPU.Deploy.0 = Debug|iPhone
		{A2EDCE05-E3E9-41DB-970C-410B08BCB384}.Debug|iPhone.ActiveCfg = Debug|iPhone
		{A2EDCE05-E3E9-41DB-970C-410B08BCB384}.Debug|iPhone.Build.0 = Debug|iPhone
		{A2EDCE05-E3E9-41DB-970C-410B08BCB384}.Debug|iPhone.Deploy.0 = Debug|iPhone
		{A2EDCE05-E3E9-41DB-970C-410B08BCB384}.Debug|iPhoneSimulator.ActiveCfg = Debug|iPhoneSimulator
		{A2EDCE05-E3E9-41DB-970C-410B08BCB384}.Debug|iPhoneSimulator.Build.0 = Debug|iPhoneSimulator
		{A2EDCE05-E3E9-41DB-970C-410B08BCB384}.Debug|iPhoneSimulator.Deploy.0 = Debug|iPhoneSimulator
		{A2EDCE05-E3E9-41DB-970C-410B08BCB384}.Release|Any CPU.ActiveCfg = Release|iPhone
		{A2EDCE05-E3E9-41DB-970C-410B08BCB384}.Release|Any CPU.Build.0 = Release|iPhone
		{A2EDCE05-E3E9-41DB-970C-410B08BCB384}.Release|Any CPU.Deploy.0 = Release|iPhone
		{A2EDCE05-E3E9-41DB-970C-410B08BCB384}.Release|iPhone.ActiveCfg = Release|iPhone
		{A2EDCE05-E3E9-41DB-970C-410B08BCB384}.Release|iPhone.Build.0 = Release|iPhone
		{A2EDCE05-E3E9-41DB-970C-410B08BCB384}.Release|iPhone.Deploy.0 = Release|iPhone
		{A2EDCE05-E3E9-41DB-970C-410B08BCB384}.Release|iPhoneSimulator.ActiveCfg = Release|iPhoneSimulator
		{A2EDCE05-E3E9-41DB-970C-410B08BCB384}.Release|iPhoneSimulator.Build.0 = Release|iPhoneSimulator
		{A2EDCE05-E3E9-41DB-970C-410B08BCB384}.Release|iPhoneSimulator.Deploy.0 = Release|iPhoneSimulator
		{1F9B6244-F4FB-41CB-8782-1DE2C7E8B127}.Debug|Any CPU.ActiveCfg = Debug|Any CPU
		{1F9B6244-F4FB-41CB-8782-1DE2C7E8B127}.Debug|Any CPU.Build.0 = Debug|Any CPU
		{1F9B6244-F4FB-41CB-8782-1DE2C7E8B127}.Debug|Any CPU.Deploy.0 = Debug|Any CPU
		{1F9B6244-F4FB-41CB-8782-1DE2C7E8B127}.Debug|iPhone.ActiveCfg = Debug|Any CPU
		{1F9B6244-F4FB-41CB-8782-1DE2C7E8B127}.Debug|iPhone.Build.0 = Debug|Any CPU
		{1F9B6244-F4FB-41CB-8782-1DE2C7E8B127}.Debug|iPhone.Deploy.0 = Debug|Any CPU
		{1F9B6244-F4FB-41CB-8782-1DE2C7E8B127}.Debug|iPhoneSimulator.ActiveCfg = Debug|Any CPU
		{1F9B6244-F4FB-41CB-8782-1DE2C7E8B127}.Debug|iPhoneSimulator.Build.0 = Debug|Any CPU
		{1F9B6244-F4FB-41CB-8782-1DE2C7E8B127}.Debug|iPhoneSimulator.Deploy.0 = Debug|Any CPU
		{1F9B6244-F4FB-41CB-8782-1DE2C7E8B127}.Release|Any CPU.ActiveCfg = Release|Any CPU
		{1F9B6244-F4FB-41CB-8782-1DE2C7E8B127}.Release|Any CPU.Build.0 = Release|Any CPU
		{1F9B6244-F4FB-41CB-8782-1DE2C7E8B127}.Release|Any CPU.Deploy.0 = Release|Any CPU
		{1F9B6244-F4FB-41CB-8782-1DE2C7E8B127}.Release|iPhone.ActiveCfg = Release|Any CPU
		{1F9B6244-F4FB-41CB-8782-1DE2C7E8B127}.Release|iPhone.Build.0 = Release|Any CPU
		{1F9B6244-F4FB-41CB-8782-1DE2C7E8B127}.Release|iPhone.Deploy.0 = Release|Any CPU
		{1F9B6244-F4FB-41CB-8782-1DE2C7E8B127}.Release|iPhoneSimulator.ActiveCfg = Release|Any CPU
		{1F9B6244-F4FB-41CB-8782-1DE2C7E8B127}.Release|iPhoneSimulator.Build.0 = Release|Any CPU
		{1F9B6244-F4FB-41CB-8782-1DE2C7E8B127}.Release|iPhoneSimulator.Deploy.0 = Release|Any CPU
	EndGlobalSection
	GlobalSection(SolutionProperties) = preSolution
		HideSolutionNode = FALSE
	EndGlobalSection
	GlobalSection(ExtensibilityGlobals) = postSolution
		SolutionGuid = {04EBF29F-3E11-4C5B-89AC-420ED9D9D870}
	EndGlobalSection
EndGlobal
