
Microsoft Visual Studio Solution File, Format Version 12.00
# Visual Studio Version 16
VisualStudioVersion = 16.0.30804.86
MinimumVisualStudioVersion = 10.0.40219.1
Project("{FAE04EC0-301F-11D3-BF4B-00C04F79EFBC}") = "HelloAndroid", "HelloAndroid\HelloAndroid.csproj", "{64C5F4BA-68E3-48C7-952B-C0468F271854}"
EndProject
Global
	GlobalSection(SolutionConfigurationPlatforms) = preSolution
		Debug|Any CPU = Debug|Any CPU
		Release|Any CPU = Release|Any CPU
	EndGlobalSection
	GlobalSection(ProjectConfigurationPlatforms) = postSolution
		{64C5F4BA-68E3-48C7-952B-C0468F271854}.Debug|Any CPU.ActiveCfg = Debug|Any CPU
		{64C5F4BA-68E3-48C7-952B-C0468F271854}.Debug|Any CPU.Build.0 = Debug|Any CPU
		{64C5F4BA-68E3-48C7-952B-C0468F271854}.Debug|Any CPU.Deploy.0 = Debug|Any CPU
		{64C5F4BA-68E3-48C7-952B-C0468F271854}.Release|Any CPU.ActiveCfg = Release|Any CPU
		{64C5F4BA-68E3-48C7-952B-C0468F271854}.Release|Any CPU.Build.0 = Release|Any CPU
		{64C5F4BA-68E3-48C7-952B-C0468F271854}.Release|Any CPU.Deploy.0 = Release|Any CPU
	EndGlobalSection
	GlobalSection(SolutionProperties) = preSolution
		HideSolutionNode = FALSE
	EndGlobalSection
	GlobalSection(ExtensibilityGlobals) = postSolution
		SolutionGuid = {EEFB6BD8-76DF-4039-86C5-010AE6A5AAD5}
	EndGlobalSection
EndGlobal
