
Microsoft Visual Studio Solution File, Format Version 12.00
# Visual Studio Version 16
VisualStudioVersion = 16.0.30503.244
MinimumVisualStudioVersion = 10.0.40219.1
Project("{FAE04EC0-301F-11D3-BF4B-00C04F79EFBC}") = "SocketConsole", "SocketConsole\SocketConsole.csproj", "{695F2F97-E543-4C54-BFA4-D1EBFFBE92E3}"
EndProject
Global
	GlobalSection(SolutionConfigurationPlatforms) = preSolution
		Debug|Any CPU = Debug|Any CPU
		Release|Any CPU = Release|Any CPU
	EndGlobalSection
	GlobalSection(ProjectConfigurationPlatforms) = postSolution
		{695F2F97-E543-4C54-BFA4-D1EBFFBE92E3}.Debug|Any CPU.ActiveCfg = Debug|Any CPU
		{695F2F97-E543-4C54-BFA4-D1EBFFBE92E3}.Debug|Any CPU.Build.0 = Debug|Any CPU
		{695F2F97-E543-4C54-BFA4-D1EBFFBE92E3}.Release|Any CPU.ActiveCfg = Release|Any CPU
		{695F2F97-E543-4C54-BFA4-D1EBFFBE92E3}.Release|Any CPU.Build.0 = Release|Any CPU
	EndGlobalSection
	GlobalSection(SolutionProperties) = preSolution
		HideSolutionNode = FALSE
	EndGlobalSection
	GlobalSection(ExtensibilityGlobals) = postSolution
		SolutionGuid = {EEB4FB3E-92B6-4704-970C-9FDE8B9D1CF3}
	EndGlobalSection
EndGlobal
