
Microsoft Visual Studio Solution File, Format Version 12.00
# Visual Studio Version 16
VisualStudioVersion = 16.0.30804.86
MinimumVisualStudioVersion = 10.0.40219.1
Project("{FAE04EC0-301F-11D3-BF4B-00C04F79EFBC}") = "LocalNotifyApp.Android", "LocalNotifyApp\LocalNotifyApp.Android\LocalNotifyApp.Android.csproj", "{23384C88-803A-4F6C-9052-CD03FF0B2694}"
EndProject
Project("{FAE04EC0-301F-11D3-BF4B-00C04F79EFBC}") = "LocalNotifyApp.iOS", "LocalNotifyApp\LocalNotifyApp.iOS\LocalNotifyApp.iOS.csproj", "{65C722C4-4F7C-41DF-A16F-50442AA26527}"
EndProject
Project("{FAE04EC0-301F-11D3-BF4B-00C04F79EFBC}") = "LocalNotifyApp", "LocalNotifyApp\LocalNotifyApp\LocalNotifyApp.csproj", "{DB6F0A8E-CEC8-46D3-8005-75E8778C184B}"
EndProject
Global
	GlobalSection(SolutionConfigurationPlatforms) = preSolution
		Debug|Any CPU = Debug|Any CPU
		Debug|iPhone = Debug|iPhone
		Debug|iPhoneSimulator = Debug|iPhoneSimulator
		Release|Any CPU = Release|Any CPU
		Release|iPhone = Release|iPhone
		Release|iPhoneSimulator = Release|iPhoneSimulator
	EndGlobalSection
	GlobalSection(ProjectConfigurationPlatforms) = postSolution
		{23384C88-803A-4F6C-9052-CD03FF0B2694}.Debug|Any CPU.ActiveCfg = Debug|Any CPU
		{23384C88-803A-4F6C-9052-CD03FF0B2694}.Debug|Any CPU.Build.0 = Debug|Any CPU
		{23384C88-803A-4F6C-9052-CD03FF0B2694}.Debug|Any CPU.Deploy.0 = Debug|Any CPU
		{23384C88-803A-4F6C-9052-CD03FF0B2694}.Debug|iPhone.ActiveCfg = Debug|Any CPU
		{23384C88-803A-4F6C-9052-CD03FF0B2694}.Debug|iPhone.Build.0 = Debug|Any CPU
		{23384C88-803A-4F6C-9052-CD03FF0B2694}.Debug|iPhone.Deploy.0 = Debug|Any CPU
		{23384C88-803A-4F6C-9052-CD03FF0B2694}.Debug|iPhoneSimulator.ActiveCfg = Debug|Any CPU
		{23384C88-803A-4F6C-9052-CD03FF0B2694}.Debug|iPhoneSimulator.Build.0 = Debug|Any CPU
		{23384C88-803A-4F6C-9052-CD03FF0B2694}.Debug|iPhoneSimulator.Deploy.0 = Debug|Any CPU
		{23384C88-803A-4F6C-9052-CD03FF0B2694}.Release|Any CPU.ActiveCfg = Release|Any CPU
		{23384C88-803A-4F6C-9052-CD03FF0B2694}.Release|Any CPU.Build.0 = Release|Any CPU
		{23384C88-803A-4F6C-9052-CD03FF0B2694}.Release|Any CPU.Deploy.0 = Release|Any CPU
		{23384C88-803A-4F6C-9052-CD03FF0B2694}.Release|iPhone.ActiveCfg = Release|Any CPU
		{23384C88-803A-4F6C-9052-CD03FF0B2694}.Release|iPhone.Build.0 = Release|Any CPU
		{23384C88-803A-4F6C-9052-CD03FF0B2694}.Release|iPhone.Deploy.0 = Release|Any CPU
		{23384C88-803A-4F6C-9052-CD03FF0B2694}.Release|iPhoneSimulator.ActiveCfg = Release|Any CPU
		{23384C88-803A-4F6C-9052-CD03FF0B2694}.Release|iPhoneSimulator.Build.0 = Release|Any CPU
		{23384C88-803A-4F6C-9052-CD03FF0B2694}.Release|iPhoneSimulator.Deploy.0 = Release|Any CPU
		{65C722C4-4F7C-41DF-A16F-50442AA26527}.Debug|Any CPU.ActiveCfg = Debug|iPhone
		{65C722C4-4F7C-41DF-A16F-50442AA26527}.Debug|Any CPU.Build.0 = Debug|iPhone
		{65C722C4-4F7C-41DF-A16F-50442AA26527}.Debug|Any CPU.Deploy.0 = Debug|iPhone
		{65C722C4-4F7C-41DF-A16F-50442AA26527}.Debug|iPhone.ActiveCfg = Debug|iPhone
		{65C722C4-4F7C-41DF-A16F-50442AA26527}.Debug|iPhone.Build.0 = Debug|iPhone
		{65C722C4-4F7C-41DF-A16F-50442AA26527}.Debug|iPhone.Deploy.0 = Debug|iPhone
		{65C722C4-4F7C-41DF-A16F-50442AA26527}.Debug|iPhoneSimulator.ActiveCfg = Debug|iPhoneSimulator
		{65C722C4-4F7C-41DF-A16F-50442AA26527}.Debug|iPhoneSimulator.Build.0 = Debug|iPhoneSimulator
		{65C722C4-4F7C-41DF-A16F-50442AA26527}.Debug|iPhoneSimulator.Deploy.0 = Debug|iPhoneSimulator
		{65C722C4-4F7C-41DF-A16F-50442AA26527}.Release|Any CPU.ActiveCfg = Release|iPhoneSimulator
		{65C722C4-4F7C-41DF-A16F-50442AA26527}.Release|Any CPU.Build.0 = Release|iPhoneSimulator
		{65C722C4-4F7C-41DF-A16F-50442AA26527}.Release|Any CPU.Deploy.0 = Release|iPhoneSimulator
		{65C722C4-4F7C-41DF-A16F-50442AA26527}.Release|iPhone.ActiveCfg = Release|iPhone
		{65C722C4-4F7C-41DF-A16F-50442AA26527}.Release|iPhone.Build.0 = Release|iPhone
		{65C722C4-4F7C-41DF-A16F-50442AA26527}.Release|iPhone.Deploy.0 = Release|iPhone
		{65C722C4-4F7C-41DF-A16F-50442AA26527}.Release|iPhoneSimulator.ActiveCfg = Release|iPhoneSimulator
		{65C722C4-4F7C-41DF-A16F-50442AA26527}.Release|iPhoneSimulator.Build.0 = Release|iPhoneSimulator
		{65C722C4-4F7C-41DF-A16F-50442AA26527}.Release|iPhoneSimulator.Deploy.0 = Release|iPhoneSimulator
		{DB6F0A8E-CEC8-46D3-8005-75E8778C184B}.Debug|Any CPU.ActiveCfg = Debug|Any CPU
		{DB6F0A8E-CEC8-46D3-8005-75E8778C184B}.Debug|Any CPU.Build.0 = Debug|Any CPU
		{DB6F0A8E-CEC8-46D3-8005-75E8778C184B}.Debug|Any CPU.Deploy.0 = Debug|Any CPU
		{DB6F0A8E-CEC8-46D3-8005-75E8778C184B}.Debug|iPhone.ActiveCfg = Debug|Any CPU
		{DB6F0A8E-CEC8-46D3-8005-75E8778C184B}.Debug|iPhone.Build.0 = Debug|Any CPU
		{DB6F0A8E-CEC8-46D3-8005-75E8778C184B}.Debug|iPhone.Deploy.0 = Debug|Any CPU
		{DB6F0A8E-CEC8-46D3-8005-75E8778C184B}.Debug|iPhoneSimulator.ActiveCfg = Debug|Any CPU
		{DB6F0A8E-CEC8-46D3-8005-75E8778C184B}.Debug|iPhoneSimulator.Build.0 = Debug|Any CPU
		{DB6F0A8E-CEC8-46D3-8005-75E8778C184B}.Debug|iPhoneSimulator.Deploy.0 = Debug|Any CPU
		{DB6F0A8E-CEC8-46D3-8005-75E8778C184B}.Release|Any CPU.ActiveCfg = Release|Any CPU
		{DB6F0A8E-CEC8-46D3-8005-75E8778C184B}.Release|Any CPU.Build.0 = Release|Any CPU
		{DB6F0A8E-CEC8-46D3-8005-75E8778C184B}.Release|Any CPU.Deploy.0 = Release|Any CPU
		{DB6F0A8E-CEC8-46D3-8005-75E8778C184B}.Release|iPhone.ActiveCfg = Release|Any CPU
		{DB6F0A8E-CEC8-46D3-8005-75E8778C184B}.Release|iPhone.Build.0 = Release|Any CPU
		{DB6F0A8E-CEC8-46D3-8005-75E8778C184B}.Release|iPhone.Deploy.0 = Release|Any CPU
		{DB6F0A8E-CEC8-46D3-8005-75E8778C184B}.Release|iPhoneSimulator.ActiveCfg = Release|Any CPU
		{DB6F0A8E-CEC8-46D3-8005-75E8778C184B}.Release|iPhoneSimulator.Build.0 = Release|Any CPU
		{DB6F0A8E-CEC8-46D3-8005-75E8778C184B}.Release|iPhoneSimulator.Deploy.0 = Release|Any CPU
	EndGlobalSection
	GlobalSection(SolutionProperties) = preSolution
		HideSolutionNode = FALSE
	EndGlobalSection
	GlobalSection(ExtensibilityGlobals) = postSolution
		SolutionGuid = {31AF2816-F163-4684-9D6D-A82D8DD307A7}
	EndGlobalSection
EndGlobal
