
Microsoft Visual Studio Solution File, Format Version 12.00
# Visual Studio Version 16
VisualStudioVersion = 16.0.30225.117
MinimumVisualStudioVersion = 10.0.40219.1
Project("{FAE04EC0-301F-11D3-BF4B-00C04F79EFBC}") = "NavigationApp.Android", "NavigationApp\NavigationApp.Android\NavigationApp.Android.csproj", "{690F58E1-FA37-4F4E-A558-BA17F1408061}"
EndProject
Project("{FAE04EC0-301F-11D3-BF4B-00C04F79EFBC}") = "NavigationApp.iOS", "NavigationApp\NavigationApp.iOS\NavigationApp.iOS.csproj", "{500AFA52-5E74-441E-9F58-17E1DCB67DEB}"
EndProject
Project("{FAE04EC0-301F-11D3-BF4B-00C04F79EFBC}") = "NavigationApp", "NavigationApp\NavigationApp\NavigationApp.csproj", "{A8EF73C7-B303-4CCF-A27B-7D9DD0341686}"
EndProject
Global
	GlobalSection(SolutionConfigurationPlatforms) = preSolution
		Debug|Any CPU = Debug|Any CPU
		Debug|iPhone = Debug|iPhone
		Debug|iPhoneSimulator = Debug|iPhoneSimulator
		Release|Any CPU = Release|Any CPU
		Release|iPhone = Release|iPhone
		Release|iPhoneSimulator = Release|iPhoneSimulator
	EndGlobalSection
	GlobalSection(ProjectConfigurationPlatforms) = postSolution
		{690F58E1-FA37-4F4E-A558-BA17F1408061}.Debug|Any CPU.ActiveCfg = Debug|Any CPU
		{690F58E1-FA37-4F4E-A558-BA17F1408061}.Debug|Any CPU.Build.0 = Debug|Any CPU
		{690F58E1-FA37-4F4E-A558-BA17F1408061}.Debug|Any CPU.Deploy.0 = Debug|Any CPU
		{690F58E1-FA37-4F4E-A558-BA17F1408061}.Debug|iPhone.ActiveCfg = Debug|Any CPU
		{690F58E1-FA37-4F4E-A558-BA17F1408061}.Debug|iPhone.Build.0 = Debug|Any CPU
		{690F58E1-FA37-4F4E-A558-BA17F1408061}.Debug|iPhone.Deploy.0 = Debug|Any CPU
		{690F58E1-FA37-4F4E-A558-BA17F1408061}.Debug|iPhoneSimulator.ActiveCfg = Debug|Any CPU
		{690F58E1-FA37-4F4E-A558-BA17F1408061}.Debug|iPhoneSimulator.Build.0 = Debug|Any CPU
		{690F58E1-FA37-4F4E-A558-BA17F1408061}.Debug|iPhoneSimulator.Deploy.0 = Debug|Any CPU
		{690F58E1-FA37-4F4E-A558-BA17F1408061}.Release|Any CPU.ActiveCfg = Release|Any CPU
		{690F58E1-FA37-4F4E-A558-BA17F1408061}.Release|Any CPU.Build.0 = Release|Any CPU
		{690F58E1-FA37-4F4E-A558-BA17F1408061}.Release|Any CPU.Deploy.0 = Release|Any CPU
		{690F58E1-FA37-4F4E-A558-BA17F1408061}.Release|iPhone.ActiveCfg = Release|Any CPU
		{690F58E1-FA37-4F4E-A558-BA17F1408061}.Release|iPhone.Build.0 = Release|Any CPU
		{690F58E1-FA37-4F4E-A558-BA17F1408061}.Release|iPhone.Deploy.0 = Release|Any CPU
		{690F58E1-FA37-4F4E-A558-BA17F1408061}.Release|iPhoneSimulator.ActiveCfg = Release|Any CPU
		{690F58E1-FA37-4F4E-A558-BA17F1408061}.Release|iPhoneSimulator.Build.0 = Release|Any CPU
		{690F58E1-FA37-4F4E-A558-BA17F1408061}.Release|iPhoneSimulator.Deploy.0 = Release|Any CPU
		{500AFA52-5E74-441E-9F58-17E1DCB67DEB}.Debug|Any CPU.ActiveCfg = Debug|iPhone
		{500AFA52-5E74-441E-9F58-17E1DCB67DEB}.Debug|Any CPU.Build.0 = Debug|iPhone
		{500AFA52-5E74-441E-9F58-17E1DCB67DEB}.Debug|Any CPU.Deploy.0 = Debug|iPhone
		{500AFA52-5E74-441E-9F58-17E1DCB67DEB}.Debug|iPhone.ActiveCfg = Debug|iPhone
		{500AFA52-5E74-441E-9F58-17E1DCB67DEB}.Debug|iPhone.Build.0 = Debug|iPhone
		{500AFA52-5E74-441E-9F58-17E1DCB67DEB}.Debug|iPhone.Deploy.0 = Debug|iPhone
		{500AFA52-5E74-441E-9F58-17E1DCB67DEB}.Debug|iPhoneSimulator.ActiveCfg = Debug|iPhoneSimulator
		{500AFA52-5E74-441E-9F58-17E1DCB67DEB}.Debug|iPhoneSimulator.Build.0 = Debug|iPhoneSimulator
		{500AFA52-5E74-441E-9F58-17E1DCB67DEB}.Debug|iPhoneSimulator.Deploy.0 = Debug|iPhoneSimulator
		{500AFA52-5E74-441E-9F58-17E1DCB67DEB}.Release|Any CPU.ActiveCfg = Release|iPhone
		{500AFA52-5E74-441E-9F58-17E1DCB67DEB}.Release|Any CPU.Build.0 = Release|iPhone
		{500AFA52-5E74-441E-9F58-17E1DCB67DEB}.Release|Any CPU.Deploy.0 = Release|iPhone
		{500AFA52-5E74-441E-9F58-17E1DCB67DEB}.Release|iPhone.ActiveCfg = Release|iPhone
		{500AFA52-5E74-441E-9F58-17E1DCB67DEB}.Release|iPhone.Build.0 = Release|iPhone
		{500AFA52-5E74-441E-9F58-17E1DCB67DEB}.Release|iPhone.Deploy.0 = Release|iPhone
		{500AFA52-5E74-441E-9F58-17E1DCB67DEB}.Release|iPhoneSimulator.ActiveCfg = Release|iPhoneSimulator
		{500AFA52-5E74-441E-9F58-17E1DCB67DEB}.Release|iPhoneSimulator.Build.0 = Release|iPhoneSimulator
		{500AFA52-5E74-441E-9F58-17E1DCB67DEB}.Release|iPhoneSimulator.Deploy.0 = Release|iPhoneSimulator
		{A8EF73C7-B303-4CCF-A27B-7D9DD0341686}.Debug|Any CPU.ActiveCfg = Debug|Any CPU
		{A8EF73C7-B303-4CCF-A27B-7D9DD0341686}.Debug|Any CPU.Build.0 = Debug|Any CPU
		{A8EF73C7-B303-4CCF-A27B-7D9DD0341686}.Debug|Any CPU.Deploy.0 = Debug|Any CPU
		{A8EF73C7-B303-4CCF-A27B-7D9DD0341686}.Debug|iPhone.ActiveCfg = Debug|Any CPU
		{A8EF73C7-B303-4CCF-A27B-7D9DD0341686}.Debug|iPhone.Build.0 = Debug|Any CPU
		{A8EF73C7-B303-4CCF-A27B-7D9DD0341686}.Debug|iPhone.Deploy.0 = Debug|Any CPU
		{A8EF73C7-B303-4CCF-A27B-7D9DD0341686}.Debug|iPhoneSimulator.ActiveCfg = Debug|Any CPU
		{A8EF73C7-B303-4CCF-A27B-7D9DD0341686}.Debug|iPhoneSimulator.Build.0 = Debug|Any CPU
		{A8EF73C7-B303-4CCF-A27B-7D9DD0341686}.Debug|iPhoneSimulator.Deploy.0 = Debug|Any CPU
		{A8EF73C7-B303-4CCF-A27B-7D9DD0341686}.Release|Any CPU.ActiveCfg = Release|Any CPU
		{A8EF73C7-B303-4CCF-A27B-7D9DD0341686}.Release|Any CPU.Build.0 = Release|Any CPU
		{A8EF73C7-B303-4CCF-A27B-7D9DD0341686}.Release|Any CPU.Deploy.0 = Release|Any CPU
		{A8EF73C7-B303-4CCF-A27B-7D9DD0341686}.Release|iPhone.ActiveCfg = Release|Any CPU
		{A8EF73C7-B303-4CCF-A27B-7D9DD0341686}.Release|iPhone.Build.0 = Release|Any CPU
		{A8EF73C7-B303-4CCF-A27B-7D9DD0341686}.Release|iPhone.Deploy.0 = Release|Any CPU
		{A8EF73C7-B303-4CCF-A27B-7D9DD0341686}.Release|iPhoneSimulator.ActiveCfg = Release|Any CPU
		{A8EF73C7-B303-4CCF-A27B-7D9DD0341686}.Release|iPhoneSimulator.Build.0 = Release|Any CPU
		{A8EF73C7-B303-4CCF-A27B-7D9DD0341686}.Release|iPhoneSimulator.Deploy.0 = Release|Any CPU
	EndGlobalSection
	GlobalSection(SolutionProperties) = preSolution
		HideSolutionNode = FALSE
	EndGlobalSection
	GlobalSection(ExtensibilityGlobals) = postSolution
		SolutionGuid = {EBC09ED9-E567-4714-B8E0-94B4774C2FE0}
	EndGlobalSection
EndGlobal
